# THIS IS AN AUTOGENERATED FILE. DO NOT EDIT THIS FILE DIRECTLY.
# yarn lockfile v1


"@babel/helper-validator-identifier@^7.15.7":
  "integrity" "sha1-Ig35k7/pBKSmsCq08zhaXr9uI4k= sha512-K4JvCtQqad9OY2+yTU8w+E82ywk/fe+ELNlt1G8z3bVGlZfn/hOcQQsUhGhW/N+tb3fxK800wLtKOE/aM0m72w=="
  "resolved" "https://registry.nlark.com/@babel/helper-validator-identifier/download/@babel/helper-validator-identifier-7.15.7.tgz?cache=0&sync_timestamp=1631920000984&other_urls=https%3A%2F%2Fregistry.nlark.com%2F%40babel%2Fhelper-validator-identifier%2Fdownload%2F%40babel%2Fhelper-validator-identifier-7.15.7.tgz"
  "version" "7.15.7"

"@babel/parser@^7.16.4", "@babel/parser@^7.6.0", "@babel/parser@^7.9.6":
  "integrity" "sha512-Gr86ujcNuPDnNOY8mi383Hvi8IYrJVJYuf3XcuBM/Dgd+bINn/7tHqsj+tKkoreMbmGsFLsltI/JJd8fOFWGDQ=="
  "resolved" "https://registry.npmmirror.com/@babel/parser/download/@babel/parser-7.16.6.tgz"
  "version" "7.16.6"

"@babel/types@^7.6.1", "@babel/types@^7.9.6":
  "integrity" "sha1-2zsxOAT5aq3Qt3bEgj4SetZyibo= sha512-PJgg/k3SdLsGb3hhisFvtLOw5ts113klrpLuIPtCJIU+BB24fqq6lf8RWqKJEjzqXR9AEH1rIb5XTqwBHB+kQg=="
  "resolved" "https://registry.npmmirror.com/@babel/types/download/@babel/types-7.16.0.tgz"
  "version" "7.16.0"
  dependencies:
    "@babel/helper-validator-identifier" "^7.15.7"
    "to-fast-properties" "^2.0.0"

"@emmetio/abbreviation@^2.2.2":
  "integrity" "sha1-dGdi/Z56jC6mBPWAxi48/iUOaYk= sha512-TtE/dBnkTCct8+LntkqVrwqQao6EnPAs1YN3cUgxOxTaBlesBCY37ROUAVZrRlG64GNnVShdl/b70RfAI3w5lw=="
  "resolved" "https://registry.nlark.com/@emmetio/abbreviation/download/@emmetio/abbreviation-2.2.2.tgz"
  "version" "2.2.2"
  dependencies:
    "@emmetio/scanner" "^1.0.0"

"@emmetio/css-abbreviation@^2.1.4":
  "integrity" "sha1-kDYuihEizjt29sMVeQfTAYL1P1Q= sha512-qk9L60Y+uRtM5CPbB0y+QNl/1XKE09mSO+AhhSauIfr2YOx/ta3NJw2d8RtCFxgzHeRqFRr8jgyzThbu+MZ4Uw=="
  "resolved" "https://registry.nlark.com/@emmetio/css-abbreviation/download/@emmetio/css-abbreviation-2.1.4.tgz"
  "version" "2.1.4"
  dependencies:
    "@emmetio/scanner" "^1.0.0"

"@emmetio/scanner@^1.0.0":
  "integrity" "sha1-Blsq9iM/50dNRII+PeuJckr0K18= sha512-8HqW8EVqjnCmWXVpqAOZf+EGESdkR27odcMMMGefgKXtar00SoYNSryGv//TELI4T3QFsECo78p+0lmalk/CFA=="
  "resolved" "https://registry.nlark.com/@emmetio/scanner/download/@emmetio/scanner-1.0.0.tgz"
  "version" "1.0.0"

"@micro-zoe/micro-app@latest":
  "integrity" "sha512-Qx3UzjRIuhAw7bxL9P9iD4KNQIn6tk3Paq66KZ/M+HlV7z1jL99khIqMRdLiQemHA/cFqi2B1n7BaWB2wb2aZQ=="
  "resolved" "https://registry.npmmirror.com/@micro-zoe/micro-app/download/@micro-zoe/micro-app-0.6.2.tgz"
  "version" "0.6.2"

"@types/node@^16.11.10":
  "integrity" "sha512-mK6BKLpL0bG6v2CxHbm0ed6RcZrAtTHBTd/ZpnlVPVa3HkumsqLE4BC4u6TQ8D7pnrRbOU0am6epuALs+Ncnzw=="
  "resolved" "https://registry.npmmirror.com/@types/node/download/@types/node-16.11.14.tgz"
  "version" "16.11.14"

"@vitejs/plugin-vue@^1.3.0":
  "integrity" "sha512-/QJ0Z9qfhAFtKRY+r57ziY4BSbGUTGsPRMpB/Ron3QPwBZM4OZAZHdTa4a8PafCwU5DTatXG8TMDoP8z+oDqJw=="
  "resolved" "https://registry.npmmirror.com/@vitejs/plugin-vue/download/@vitejs/plugin-vue-1.10.2.tgz"
  "version" "1.10.2"

"@volar/code-gen@^0.27.24":
  "integrity" "sha1-zNvoWJUcHuTgw5eSMtUkEtxGdWo= sha512-s4j/QqOZUW03PeD6LmVYI00Q1C3CfJEOePDOQwDvCTUov4lFk0iSBtFyYhjlLyQ1pdtV1+TDTErkj2aMQtc4PA=="
  "resolved" "https://registry.npmmirror.com/@volar/code-gen/download/@volar/code-gen-0.27.24.tgz"
  "version" "0.27.24"
  dependencies:
    "@volar/shared" "^0.27.24"
    "@volar/source-map" "^0.27.24"

"@volar/html2pug@^0.27.13":
  "integrity" "sha1-SN+nPs8e8ZVaAqBG0MiIRZUPrIU= sha512-3NYgNA5F3PDsKbbpOrVdGy2S7ZYmZIbFmbp1A/27DDzjj/uIC9Pj7HXVvbYOzi8HcOxUPt0BMrh4TVzBUaCFww=="
  "resolved" "https://registry.npmmirror.com/@volar/html2pug/download/@volar/html2pug-0.27.13.tgz"
  "version" "0.27.13"
  dependencies:
    "domelementtype" "^2.2.0"
    "domhandler" "^4.2.0"
    "htmlparser2" "^6.1.0"
    "pug" "^3.0.2"

"@volar/shared@^0.27.24":
  "integrity" "sha1-ozRX7IrAsNNn7VTJ4hkTpfjC1sI= sha512-Mi8a4GQaiorfb+o4EqOXDZm9E/uBJXgScFgF+NhtcMBOUKHNMKQyLI7YRGumtyJTTdaX7nSDJjGGTkv23tcOtQ=="
  "resolved" "https://registry.npmmirror.com/@volar/shared/download/@volar/shared-0.27.24.tgz"
  "version" "0.27.24"
  dependencies:
    "upath" "^2.0.1"
    "vscode-jsonrpc" "^8.0.0-next.2"
    "vscode-uri" "^3.0.2"

"@volar/source-map@^0.27.24":
  "integrity" "sha1-YPLgcMFpvoLL9/+ilqMMKCPFIF8= sha512-2I5a7cXqekZ66D6lHep7ttJgvVVtPEBUIe1hnpcGbnXWNA2ya6f6jKNNyTmrXQyfkh32IEuaUd4kocR+3AKMag=="
  "resolved" "https://registry.npmmirror.com/@volar/source-map/download/@volar/source-map-0.27.24.tgz"
  "version" "0.27.24"
  dependencies:
    "@volar/shared" "^0.27.24"

"@volar/transforms@^0.27.24":
  "integrity" "sha1-aOvFPcouNohOJHwIZuw9JO2BV4Q= sha512-sOHi1ZSapFlxn7yPl4MO5TXd9aWC0BVq2CgXAJ2EESb+ddh2uJbGQgLLNocX+MDh419cUuuFT2QAJpuWHhJcng=="
  "resolved" "https://registry.npmmirror.com/@volar/transforms/download/@volar/transforms-0.27.24.tgz"
  "version" "0.27.24"
  dependencies:
    "@volar/shared" "^0.27.24"
    "vscode-languageserver" "^8.0.0-next.2"

"@vscode/emmet-helper@^2.7.0":
  "integrity" "sha512-dkTSL+BaBBS8gFgPm/GMOU+XfxaMyI+Fl1IUYxEi8Iv24RfHf9/q2eCpV2hs7sncLcoKWEbMYe5gv4Ppmp2Oxw=="
  "resolved" "https://registry.npmmirror.com/@vscode/emmet-helper/download/@vscode/emmet-helper-2.8.3.tgz"
  "version" "2.8.3"
  dependencies:
    "emmet" "^2.3.0"
    "jsonc-parser" "^2.3.0"
    "vscode-languageserver-textdocument" "^1.0.1"
    "vscode-languageserver-types" "^3.15.1"
    "vscode-nls" "^5.0.0"
    "vscode-uri" "^2.1.2"

"@vue/compiler-core@3.2.26":
  "integrity" "sha512-N5XNBobZbaASdzY9Lga2D9Lul5vdCIOXvUMd6ThcN8zgqQhPKfCV+wfAJNNJKQkSHudnYRO2gEB+lp0iN3g2Tw=="
  "resolved" "https://registry.npmmirror.com/@vue/compiler-core/download/@vue/compiler-core-3.2.26.tgz"
  "version" "3.2.26"
  dependencies:
    "@babel/parser" "^7.16.4"
    "@vue/shared" "3.2.26"
    "estree-walker" "^2.0.2"
    "source-map" "^0.6.1"

"@vue/compiler-dom@^3.2.19", "@vue/compiler-dom@3.2.26":
  "integrity" "sha512-smBfaOW6mQDxcT3p9TKT6mE22vjxjJL50GFVJiI0chXYGU/xzC05QRGrW3HHVuJrmLTLx5zBhsZ2dIATERbarg=="
  "resolved" "https://registry.npmmirror.com/@vue/compiler-dom/download/@vue/compiler-dom-3.2.26.tgz"
  "version" "3.2.26"
  dependencies:
    "@vue/compiler-core" "3.2.26"
    "@vue/shared" "3.2.26"

"@vue/compiler-sfc@^3.0.5", "@vue/compiler-sfc@3.2.26":
  "integrity" "sha512-ePpnfktV90UcLdsDQUh2JdiTuhV0Skv2iYXxfNMOK/F3Q+2BO0AulcVcfoksOpTJGmhhfosWfMyEaEf0UaWpIw=="
  "resolved" "https://registry.npmmirror.com/@vue/compiler-sfc/download/@vue/compiler-sfc-3.2.26.tgz"
  "version" "3.2.26"
  dependencies:
    "@babel/parser" "^7.16.4"
    "@vue/compiler-core" "3.2.26"
    "@vue/compiler-dom" "3.2.26"
    "@vue/compiler-ssr" "3.2.26"
    "@vue/reactivity-transform" "3.2.26"
    "@vue/shared" "3.2.26"
    "estree-walker" "^2.0.2"
    "magic-string" "^0.25.7"
    "postcss" "^8.1.10"
    "source-map" "^0.6.1"

"@vue/compiler-ssr@3.2.26":
  "integrity" "sha512-2mywLX0ODc4Zn8qBoA2PDCsLEZfpUGZcyoFRLSOjyGGK6wDy2/5kyDOWtf0S0UvtoyVq95OTSGIALjZ4k2q/ag=="
  "resolved" "https://registry.npmmirror.com/@vue/compiler-ssr/download/@vue/compiler-ssr-3.2.26.tgz"
  "version" "3.2.26"
  dependencies:
    "@vue/compiler-dom" "3.2.26"
    "@vue/shared" "3.2.26"

"@vue/devtools-api@^6.0.0-beta.18":
  "integrity" "sha512-R2rfiRY+kZugzWh9ZyITaovx+jpU4vgivAEAiz80kvh3yviiTU3CBuGuyWpSwGz9/C7TkSWVM/FtQRGlZ16n8Q=="
  "resolved" "https://registry.npmmirror.com/@vue/devtools-api/download/@vue/devtools-api-6.0.0-beta.20.1.tgz?cache=0&sync_timestamp=1636562927577&other_urls=https%3A%2F%2Fregistry.npmmirror.com%2F%40vue%2Fdevtools-api%2Fdownload%2F%40vue%2Fdevtools-api-6.0.0-beta.20.1.tgz"
  "version" "6.0.0-beta.20.1"

"@vue/reactivity-transform@3.2.26":
  "integrity" "sha512-XKMyuCmzNA7nvFlYhdKwD78rcnmPb7q46uoR00zkX6yZrUmcCQ5OikiwUEVbvNhL5hBJuvbSO95jB5zkUon+eQ=="
  "resolved" "https://registry.npmmirror.com/@vue/reactivity-transform/download/@vue/reactivity-transform-3.2.26.tgz"
  "version" "3.2.26"
  dependencies:
    "@babel/parser" "^7.16.4"
    "@vue/compiler-core" "3.2.26"
    "@vue/shared" "3.2.26"
    "estree-walker" "^2.0.2"
    "magic-string" "^0.25.7"

"@vue/reactivity@^3.2.19", "@vue/reactivity@3.2.26":
  "integrity" "sha512-h38bxCZLW6oFJVDlCcAiUKFnXI8xP8d+eO0pcDxx+7dQfSPje2AO6M9S9QO6MrxQB7fGP0DH0dYQ8ksf6hrXKQ=="
  "resolved" "https://registry.npmmirror.com/@vue/reactivity/download/@vue/reactivity-3.2.26.tgz"
  "version" "3.2.26"
  dependencies:
    "@vue/shared" "3.2.26"

"@vue/runtime-core@3.2.26":
  "integrity" "sha512-BcYi7qZ9Nn+CJDJrHQ6Zsmxei2hDW0L6AB4vPvUQGBm2fZyC0GXd/4nVbyA2ubmuhctD5RbYY8L+5GUJszv9mQ=="
  "resolved" "https://registry.npmmirror.com/@vue/runtime-core/download/@vue/runtime-core-3.2.26.tgz"
  "version" "3.2.26"
  dependencies:
    "@vue/reactivity" "3.2.26"
    "@vue/shared" "3.2.26"

"@vue/runtime-dom@3.2.26":
  "integrity" "sha512-dY56UIiZI+gjc4e8JQBwAifljyexfVCkIAu/WX8snh8vSOt/gMSEGwPRcl2UpYpBYeyExV8WCbgvwWRNt9cHhQ=="
  "resolved" "https://registry.npmmirror.com/@vue/runtime-dom/download/@vue/runtime-dom-3.2.26.tgz"
  "version" "3.2.26"
  dependencies:
    "@vue/runtime-core" "3.2.26"
    "@vue/shared" "3.2.26"
    "csstype" "^2.6.8"

"@vue/server-renderer@3.2.26":
  "integrity" "sha512-Jp5SggDUvvUYSBIvYEhy76t4nr1vapY/FIFloWmQzn7UxqaHrrBpbxrqPcTrSgGrcaglj0VBp22BKJNre4aA1w=="
  "resolved" "https://registry.npmmirror.com/@vue/server-renderer/download/@vue/server-renderer-3.2.26.tgz"
  "version" "3.2.26"
  dependencies:
    "@vue/compiler-ssr" "3.2.26"
    "@vue/shared" "3.2.26"

"@vue/shared@^3.2.19", "@vue/shared@3.2.26":
  "integrity" "sha512-vPV6Cq+NIWbH5pZu+V+2QHE9y1qfuTq49uNWw4f7FDEeZaDU2H2cx5jcUZOAKW7qTrUS4k6qZPbMy1x4N96nbA=="
  "resolved" "https://registry.npmmirror.com/@vue/shared/download/@vue/shared-3.2.26.tgz"
  "version" "3.2.26"

"acorn@^7.1.1":
  "integrity" "sha1-/q7SVZc9LndVW4PbwIhRpsY1IPo= sha512-nQyp0o1/mNdbTO1PO6kHkwSrmgZ0MT/jCCpNiwbUjGoRN4dlBhqJtoQuCnEOKzgTVwg0ZWiCoQy6SxMebQVh8A=="
  "resolved" "https://registry.npmmirror.com/acorn/download/acorn-7.4.1.tgz?cache=0&sync_timestamp=1637225522161&other_urls=https%3A%2F%2Fregistry.npmmirror.com%2Facorn%2Fdownload%2Facorn-7.4.1.tgz"
  "version" "7.4.1"

"asap@~2.0.3":
  "integrity" "sha1-5QNHYR1+aQlDIIu9r+vLwvuGbUY= sha512-BSHWgDSAiKs50o2Re8ppvp3seVHXSRM44cdSsT9FfNEUUZLOGWVCsiWaRPWM1Znn+mqZ1OfVZ3z3DWEzSp7hRA=="
  "resolved" "https://registry.npm.taobao.org/asap/download/asap-2.0.6.tgz"
  "version" "2.0.6"

"assert-never@^1.2.1":
  "integrity" "sha1-EfDjY78UYgX7CBk7XHuQ9NHPRP4= sha512-TaTivMB6pYI1kXwrFlEhLeGfOqoDNdTxjCdwRfFFkEA30Eu+k48W34nlok2EYWJfFFzqaEmichdNM7th6M5HNw=="
  "resolved" "https://registry.npm.taobao.org/assert-never/download/assert-never-1.2.1.tgz"
  "version" "1.2.1"

"babel-walk@3.0.0-canary-5":
  "integrity" "sha1-9m7Ncpg1eu5ElV8jWm71QhkQSxE= sha512-GAwkz0AihzY5bkwIY5QDR+LvsRQgB/B+1foMPvi0FZPMl5fjD7ICiznUiBdLYMH1QYe6vqu4gWYytZOccLouFw=="
  "resolved" "https://registry.npm.taobao.org/babel-walk/download/babel-walk-3.0.0-canary-5.tgz"
  "version" "3.0.0-canary-5"
  dependencies:
    "@babel/types" "^7.9.6"

"call-bind@^1.0.2":
  "integrity" "sha1-sdTonmiBGcPJqQOtMKuy9qkZvjw= sha512-7O+FbCihrB5WGbFYesctwmTKae6rOiIzmz1icreWJ+0aA7LJfuqhEso2T9ncpcFtzMQtzXf2QGGueWJGTYsqrA=="
  "resolved" "https://registry.npm.taobao.org/call-bind/download/call-bind-1.0.2.tgz"
  "version" "1.0.2"
  dependencies:
    "function-bind" "^1.1.1"
    "get-intrinsic" "^1.0.2"

"character-parser@^2.2.0":
  "integrity" "sha1-x84o821LzZdE5f/CxfzeHHMmH8A= sha512-+UqJQjFEFaTAs3bNsF2j2kEN1baG/zghZbdqoYEDxGZtJo9LBzl1A+m0D4n3qKx8N2FNv8/Xp6yV9mQmBuptaw=="
  "resolved" "https://registry.nlark.com/character-parser/download/character-parser-2.2.0.tgz"
  "version" "2.2.0"
  dependencies:
    "is-regex" "^1.0.3"

"constantinople@^4.0.1":
  "integrity" "sha1-De8RP6Dk3I3oMzGlz3nIsyUhMVE= sha512-vCrqcSIq4//Gx74TXXCGnHpulY1dskqLTFGDmhrGxzeXL8lF8kvXv6mpNWlJj1uD4DW23D4ljAqbY4RRaaUZIw=="
  "resolved" "https://registry.npm.taobao.org/constantinople/download/constantinople-4.0.1.tgz"
  "version" "4.0.1"
  dependencies:
    "@babel/parser" "^7.6.0"
    "@babel/types" "^7.6.1"

"csstype@^2.6.8":
  "integrity" "sha512-ZVxXaNy28/k3kJg0Fou5MiYpp88j7H9hLZp8PDC3jV0WFjfH5E9xHb56L0W59cPbKbcHXeP4qyT8PrHp8t6LcQ=="
  "resolved" "https://registry.npmmirror.com/csstype/download/csstype-2.6.19.tgz?cache=0&sync_timestamp=1637224514674&other_urls=https%3A%2F%2Fregistry.npmmirror.com%2Fcsstype%2Fdownload%2Fcsstype-2.6.19.tgz"
  "version" "2.6.19"

"doctypes@^1.1.0":
  "integrity" "sha1-6oCxBqh1OHdOijpKWv4pPeSJ4Kk= sha512-LLBi6pEqS6Do3EKQ3J0NqHWV5hhb78Pi8vvESYwyOy2c31ZEZVdtitdzsQsKb7878PEERhzUk0ftqGhG6Mz+pQ=="
  "resolved" "https://registry.npm.taobao.org/doctypes/download/doctypes-1.1.0.tgz"
  "version" "1.1.0"

"dom-serializer@^1.0.1":
  "integrity" "sha1-YgZDfTLO767HFhgDIwx6ILwbTZE= sha512-5c54Bk5Dw4qAxNOI1pFEizPSjVsx5+bpJKmL2kPn8JhBUq2q09tTCa3mjijun2NfK78NMouDYNMBkOrPZiS+ig=="
  "resolved" "https://registry.nlark.com/dom-serializer/download/dom-serializer-1.3.2.tgz?cache=0&sync_timestamp=1621256918158&other_urls=https%3A%2F%2Fregistry.nlark.com%2Fdom-serializer%2Fdownload%2Fdom-serializer-1.3.2.tgz"
  "version" "1.3.2"
  dependencies:
    "domelementtype" "^2.0.1"
    "domhandler" "^4.2.0"
    "entities" "^2.0.0"

"domelementtype@^2.0.1", "domelementtype@^2.2.0":
  "integrity" "sha1-mgtsJ4LtahxzI9QiZxg9+b2LHVc= sha512-DtBMo82pv1dFtUmHyr48beiuq792Sxohr+8Hm9zoxklYPfa6n0Z3Byjj2IV7bmr2IyqClnqEQhfgHJJ5QF0R5A=="
  "resolved" "https://registry.npm.taobao.org/domelementtype/download/domelementtype-2.2.0.tgz?cache=0&sync_timestamp=1617298545989&other_urls=https%3A%2F%2Fregistry.npm.taobao.org%2Fdomelementtype%2Fdownload%2Fdomelementtype-2.2.0.tgz"
  "version" "2.2.0"

"domhandler@^4.0.0", "domhandler@^4.2.0":
  "integrity" "sha512-fC0aXNQXqKSFTr2wDNZDhsEYjCiYsDWl3D01kwt25hm1YIPyDGHvvi3rw+PLqHAl/m71MaiF7d5zvBr0p5UB2g=="
  "resolved" "https://registry.npmmirror.com/domhandler/download/domhandler-4.3.0.tgz"
  "version" "4.3.0"
  dependencies:
    "domelementtype" "^2.2.0"

"domutils@^2.5.2":
  "integrity" "sha1-RDfe9dtuLR9dbuhZvZXKfQIEgTU= sha512-w96Cjofp72M5IIhpjgobBimYEfoPjx1Vx0BSX9P30WBdZW2WIKU0T1Bd0kz2eNZ9ikjKgHbEyKx8BB6H1L3h3A=="
  "resolved" "https://registry.nlark.com/domutils/download/domutils-2.8.0.tgz?cache=0&sync_timestamp=1630106606599&other_urls=https%3A%2F%2Fregistry.nlark.com%2Fdomutils%2Fdownload%2Fdomutils-2.8.0.tgz"
  "version" "2.8.0"
  dependencies:
    "dom-serializer" "^1.0.1"
    "domelementtype" "^2.2.0"
    "domhandler" "^4.2.0"

"emmet@^2.3.0":
  "integrity" "sha512-LcWfTamJnXIdMfLvJEC5Ld3hY5/KHXgv1L1bp6I7eEvB0ZhacHZ1kX0BYovJ8FroEsreLcq7n7kZhRMsf6jkXQ=="
  "resolved" "https://registry.npmmirror.com/emmet/download/emmet-2.3.5.tgz"
  "version" "2.3.5"
  dependencies:
    "@emmetio/abbreviation" "^2.2.2"
    "@emmetio/css-abbreviation" "^2.1.4"

"entities@^2.0.0":
  "integrity" "sha1-CY3JDruD2N/6CJ1VJWs1HTTE2lU= sha512-p92if5Nz619I0w+akJrLZH0MX0Pb5DX39XOwQTtXSdQQOaYH03S1uIQp4mhOZtAXrxq4ViO67YTiLBo2638o9A=="
  "resolved" "https://registry.nlark.com/entities/download/entities-2.2.0.tgz"
  "version" "2.2.0"

"esbuild-windows-64@0.13.15":
  "integrity" "sha512-9aMsPRGDWCd3bGjUIKG/ZOJPKsiztlxl/Q3C1XDswO6eNX/Jtwu4M+jb6YDH9hRSUflQWX0XKAfWzgy5Wk54JQ=="
  "resolved" "https://registry.npmmirror.com/esbuild-windows-64/download/esbuild-windows-64-0.13.15.tgz"
  "version" "0.13.15"

"esbuild@^0.13.12":
  "integrity" "sha512-raCxt02HBKv8RJxE8vkTSCXGIyKHdEdGfUmiYb8wnabnaEmHzyW7DCHb5tEN0xU8ryqg5xw54mcwnYkC4x3AIw=="
  "resolved" "https://registry.npmmirror.com/esbuild/download/esbuild-0.13.15.tgz"
  "version" "0.13.15"
  optionalDependencies:
    "esbuild-android-arm64" "0.13.15"
    "esbuild-darwin-64" "0.13.15"
    "esbuild-darwin-arm64" "0.13.15"
    "esbuild-freebsd-64" "0.13.15"
    "esbuild-freebsd-arm64" "0.13.15"
    "esbuild-linux-32" "0.13.15"
    "esbuild-linux-64" "0.13.15"
    "esbuild-linux-arm" "0.13.15"
    "esbuild-linux-arm64" "0.13.15"
    "esbuild-linux-mips64le" "0.13.15"
    "esbuild-linux-ppc64le" "0.13.15"
    "esbuild-netbsd-64" "0.13.15"
    "esbuild-openbsd-64" "0.13.15"
    "esbuild-sunos-64" "0.13.15"
    "esbuild-windows-32" "0.13.15"
    "esbuild-windows-64" "0.13.15"
    "esbuild-windows-arm64" "0.13.15"

"estree-walker@^2.0.2":
  "integrity" "sha1-UvAQF4wqTBF6d1fP6UKtt9LaTKw= sha512-Rfkk/Mp/DL7JVje3u18FxFujQlTNR2q6QfMSMB7AvCBx91NGj/ba3kCfza0f6dVDbw7YlRf/nDrn7pQrCCyQ/w=="
  "resolved" "https://registry.npm.taobao.org/estree-walker/download/estree-walker-2.0.2.tgz"
  "version" "2.0.2"

"function-bind@^1.1.1":
  "integrity" "sha1-pWiZ0+o8m6uHS7l3O3xe3pL0iV0= sha512-yIovAzMX49sF8Yl58fSCWJ5svSLuaibPxXQJFLmBObTuCr0Mf1KiPopGM9NiFjiYBCbfaa2Fh6breQ6ANVTI0A=="
  "resolved" "https://registry.npm.taobao.org/function-bind/download/function-bind-1.1.1.tgz"
  "version" "1.1.1"

"get-intrinsic@^1.0.2":
  "integrity" "sha1-FfWfN2+FXERpY5SPDSTNNje0q8Y= sha512-kWZrnVM42QCiEA2Ig1bG8zjoIMOgxWwYCEeNdwY6Tv/cOSeGpcoX4pXHfKUxNKVoArnrEr2e9srnAxxGIraS9Q=="
  "resolved" "https://registry.npm.taobao.org/get-intrinsic/download/get-intrinsic-1.1.1.tgz"
  "version" "1.1.1"
  dependencies:
    "function-bind" "^1.1.1"
    "has" "^1.0.3"
    "has-symbols" "^1.0.1"

"has-symbols@^1.0.1", "has-symbols@^1.0.2":
  "integrity" "sha1-Fl0wcMADCXUqEjakeTMeOsVvFCM= sha512-chXa79rL/UC2KlX17jo3vRGz0azaWEx5tGqZg5pO3NUyEJVB17dMruQlzCCOfUvElghKcm5194+BCRvi2Rv/Gw=="
  "resolved" "https://registry.nlark.com/has-symbols/download/has-symbols-1.0.2.tgz"
  "version" "1.0.2"

"has-tostringtag@^1.0.0":
  "integrity" "sha1-fhM4GKfTlHNPlB5zw9P5KR5liyU= sha512-kFjcSNhnlGV1kyoGk7OXKSawH5JOb/LzUc5w9B02hOTO0dfFRjbHQKvg1d6cf3HbeUmtU9VbbV3qzZ2Teh97WQ=="
  "resolved" "https://registry.nlark.com/has-tostringtag/download/has-tostringtag-1.0.0.tgz?cache=0&sync_timestamp=1628196402801&other_urls=https%3A%2F%2Fregistry.nlark.com%2Fhas-tostringtag%2Fdownload%2Fhas-tostringtag-1.0.0.tgz"
  "version" "1.0.0"
  dependencies:
    "has-symbols" "^1.0.2"

"has@^1.0.3":
  "integrity" "sha1-ci18v8H2qoJB8W3YFOAR4fQeh5Y= sha512-f2dvO0VU6Oej7RkWJGrehjbzMAjFp5/VKPp5tTpWIV4JHHZK1/BxbFRtf/siA2SWTe09caDmVtYYzWEIbBS4zw=="
  "resolved" "https://registry.npm.taobao.org/has/download/has-1.0.3.tgz"
  "version" "1.0.3"
  dependencies:
    "function-bind" "^1.1.1"

"htmlparser2@^6.1.0":
  "integrity" "sha1-xNditsM3GgXb5l6UrkOp+EX7j7c= sha512-gyyPk6rgonLFEDGoeRgQNaEUvdJ4ktTmmUh/h2t7s+M8oPpIPxgNACWa+6ESR57kXstwqPiCut0V8NRpcwgU7A=="
  "resolved" "https://registry.npmmirror.com/htmlparser2/download/htmlparser2-6.1.0.tgz?cache=0&sync_timestamp=1636641539121&other_urls=https%3A%2F%2Fregistry.npmmirror.com%2Fhtmlparser2%2Fdownload%2Fhtmlparser2-6.1.0.tgz"
  "version" "6.1.0"
  dependencies:
    "domelementtype" "^2.0.1"
    "domhandler" "^4.0.0"
    "domutils" "^2.5.2"
    "entities" "^2.0.0"

"is-core-module@^2.2.0":
  "integrity" "sha1-AyEzbD0JJeSX/Zf12VyxFKXM1Ug= sha512-vd15qHsaqrRL7dtH6QNuy0ndJmRDrS9HAM1CAiSifNUFv4x1a0CCVsj18hJ1mShxIG6T2i1sO78MkP56r0nYRw=="
  "resolved" "https://registry.npmmirror.com/is-core-module/download/is-core-module-2.8.0.tgz?cache=0&sync_timestamp=1634236731601&other_urls=https%3A%2F%2Fregistry.npmmirror.com%2Fis-core-module%2Fdownload%2Fis-core-module-2.8.0.tgz"
  "version" "2.8.0"
  dependencies:
    "has" "^1.0.3"

"is-expression@^4.0.0":
  "integrity" "sha1-wzFVliq/IdCv0lUlFNZ9LsFv0qs= sha512-zMIXX63sxzG3XrkHkrAPvm/OVZVSCPNkwMHU8oTX7/U3AL78I0QXCEICXUM13BIa8TYGZ68PiTKfQz3yaTNr4A=="
  "resolved" "https://registry.npm.taobao.org/is-expression/download/is-expression-4.0.0.tgz"
  "version" "4.0.0"
  dependencies:
    "acorn" "^7.1.1"
    "object-assign" "^4.1.1"

"is-promise@^2.0.0":
  "integrity" "sha1-OauVnMv5p3TPB597QMeib3YxNfE= sha512-+lP4/6lKUBfQjZ2pdxThZvLUAafmZb8OAxFb8XXtiQmS35INgr85hdOGoEs124ez1FCnZJt6jau/T+alh58QFQ=="
  "resolved" "https://registry.nlark.com/is-promise/download/is-promise-2.2.2.tgz?cache=0&sync_timestamp=1618847016863&other_urls=https%3A%2F%2Fregistry.nlark.com%2Fis-promise%2Fdownload%2Fis-promise-2.2.2.tgz"
  "version" "2.2.2"

"is-regex@^1.0.3":
  "integrity" "sha1-7vVmPNWfpMCuM5UFMj32hUuxWVg= sha512-kvRdxDsxZjhzUX07ZnLydzS1TU/TJlTUHHY4YLL87e37oUA49DfkLqgy+VjFocowy29cKvcSiu+kIv728jTTVg=="
  "resolved" "https://registry.nlark.com/is-regex/download/is-regex-1.1.4.tgz?cache=0&sync_timestamp=1628221853554&other_urls=https%3A%2F%2Fregistry.nlark.com%2Fis-regex%2Fdownload%2Fis-regex-1.1.4.tgz"
  "version" "1.1.4"
  dependencies:
    "call-bind" "^1.0.2"
    "has-tostringtag" "^1.0.0"

"js-stringify@^1.0.2":
  "integrity" "sha1-Fzb939lyTyijaCrcYjCufk6Weds= sha512-rtS5ATOo2Q5k1G+DADISilDA6lv79zIiwFd6CcjuIxGKLFm5C+RLImRscVap9k55i+MOZwgliw+NejvkLuGD5g=="
  "resolved" "https://registry.npm.taobao.org/js-stringify/download/js-stringify-1.0.2.tgz"
  "version" "1.0.2"

"jsonc-parser@^2.3.0":
  "integrity" "sha1-WVSRULEz8u+sykj+nOHsBlmvI0I= sha512-H8jvkz1O50L3dMZCsLqiuB2tA7muqbSg1AtGEkN0leAqGjsUzDJir3Zwr02BhqdcITPg3ei3mZ+HjMocAknhhg=="
  "resolved" "https://registry.npm.taobao.org/jsonc-parser/download/jsonc-parser-2.3.1.tgz"
  "version" "2.3.1"

"jsonc-parser@^3.0.0":
  "integrity" "sha1-q914VwHH5+rKip7IzwcMpRp0WiI= sha512-fQzRfAbIBnR0IQvftw9FJveWiHp72Fg20giDrHz6TdfB12UH/uue0D3hm57UB5KgAVuniLMCaS8P1IMj9NR7cA=="
  "resolved" "https://registry.npm.taobao.org/jsonc-parser/download/jsonc-parser-3.0.0.tgz"
  "version" "3.0.0"

"jstransformer@1.0.0":
  "integrity" "sha1-7Yvwkh4vPx7U1cGkT2hwntJHIsM= sha512-C9YK3Rf8q6VAPDCCU9fnqo3mAfOH6vUGnMcP4AQAYIEpWtfGLpwOTmZ+igtdK5y+VvI2n3CyYSzy4Qh34eq24A=="
  "resolved" "https://registry.nlark.com/jstransformer/download/jstransformer-1.0.0.tgz"
  "version" "1.0.0"
  dependencies:
    "is-promise" "^2.0.0"
    "promise" "^7.0.1"

"lru-cache@^6.0.0":
  "integrity" "sha1-bW/mVw69lqr5D8rR2vo7JWbbOpQ= sha512-Jo6dJ04CmSjuznwJSS3pUeWmd/H0ffTlkXXgwZi+eq1UCmqQwCh+eLsYOYCwY991i2Fah4h1BEMCx4qThGbsiA=="
  "resolved" "https://registry.npm.taobao.org/lru-cache/download/lru-cache-6.0.0.tgz?cache=0&sync_timestamp=1615982572805&other_urls=https%3A%2F%2Fregistry.npm.taobao.org%2Flru-cache%2Fdownload%2Flru-cache-6.0.0.tgz"
  "version" "6.0.0"
  dependencies:
    "yallist" "^4.0.0"

"magic-string@^0.25.7":
  "integrity" "sha1-P0l9b9NMZpxnmNy4IfLvMfVEUFE= sha512-4CrMT5DOHTDk4HYDlzmwu4FVCcIYI8gauveasrdCu2IKIFOJ3f0v/8MDGJCDL9oD2ppz/Av1b0Nj345H9M+XIA=="
  "resolved" "https://registry.npm.taobao.org/magic-string/download/magic-string-0.25.7.tgz"
  "version" "0.25.7"
  dependencies:
    "sourcemap-codec" "^1.4.4"

"nanoid@^3.1.30":
  "integrity" "sha512-zJpuPDwOv8D2zq2WRoMe1HsfZthVewpel9CAvTfc/2mBD1uUT/agc5f7GHGWXlYkFvi1mVxe4IjvP2HNrop7nQ=="
  "resolved" "https://registry.npmmirror.com/nanoid/download/nanoid-3.1.30.tgz"
  "version" "3.1.30"

"object-assign@^4.1.1":
  "integrity" "sha1-IQmtx5ZYh8/AXLvUQsrIv7s2CGM= sha512-rJgTQnkUnH1sFw8yT6VSU3zD3sWmu6sZhIseY8VX+GRu3P6F7Fu+JNDoXfklElbLJSnc3FUQHVe4cU5hj+BcUg=="
  "resolved" "https://registry.npm.taobao.org/object-assign/download/object-assign-4.1.1.tgz"
  "version" "4.1.1"

"path-parse@^1.0.6":
  "integrity" "sha1-+8EUtgykKzDZ2vWFjkvWi77bZzU= sha512-LDJzPVEEEPR+y48z93A0Ed0yXb8pAByGWo/k5YYdYgpY2/2EsOsksJrq7lOHxryrVOn1ejG6oAp8ahvOIQD8sw=="
  "resolved" "https://registry.nlark.com/path-parse/download/path-parse-1.0.7.tgz"
  "version" "1.0.7"

"picocolors@^1.0.0":
  "integrity" "sha1-y1vcdP8/UYkiNur3nWi8RFZKuBw= sha512-1fygroTLlHu66zi26VoTDv8yRgm0Fccecssto+MhsZ0D/DGW2sm8E8AjW7NU5VVTRt5GxbeZ5qBuJr+HyLYkjQ=="
  "resolved" "https://registry.npmmirror.com/picocolors/download/picocolors-1.0.0.tgz?cache=0&sync_timestamp=1634093415681&other_urls=https%3A%2F%2Fregistry.npmmirror.com%2Fpicocolors%2Fdownload%2Fpicocolors-1.0.0.tgz"
  "version" "1.0.0"

"postcss@^8.1.10", "postcss@^8.3.11":
  "integrity" "sha512-jBDboWM8qpaqwkMwItqTQTiFikhs/67OYVvblFFTM7MrZjt6yMKd6r2kgXizEbTTljacm4NldIlZnhbjr84QYg=="
  "resolved" "https://registry.npmmirror.com/postcss/download/postcss-8.4.5.tgz"
  "version" "8.4.5"
  dependencies:
    "nanoid" "^3.1.30"
    "picocolors" "^1.0.0"
    "source-map-js" "^1.0.1"

"promise@^7.0.1":
  "integrity" "sha1-BktyYCsY+Q8pGSuLG8QY/9Hr078= sha512-nolQXZ/4L+bP/UGlkfaIujX9BKxGwmQ9OT4mOt5yvy8iK1h3wqTEJCijzGANTCCl9nWjY41juyAn2K3Q1hLLTg=="
  "resolved" "https://registry.npm.taobao.org/promise/download/promise-7.3.1.tgz"
  "version" "7.3.1"
  dependencies:
    "asap" "~2.0.3"

"pug-attrs@^3.0.0":
  "integrity" "sha1-sQRR4DSBZeMfrRzCPr3dncc0fEE= sha512-azINV9dUtzPMFQktvTXciNAfAuVh/L/JCl0vtPCwvOA21uZrC08K/UnmrL+SXGEVc1FwzjW62+xw5S/uaLj6cA=="
  "resolved" "https://registry.npm.taobao.org/pug-attrs/download/pug-attrs-3.0.0.tgz"
  "version" "3.0.0"
  dependencies:
    "constantinople" "^4.0.1"
    "js-stringify" "^1.0.2"
    "pug-runtime" "^3.0.0"

"pug-code-gen@^3.0.2":
  "integrity" "sha1-rRkPSUMTO/GGtguA3kgxAOEy4s4= sha512-nJMhW16MbiGRiyR4miDTQMRWDgKplnHyeLvioEJYbk1RsPI3FuA3saEP8uwnTb2nTJEKBU90NFVWJBk4OU5qyg=="
  "resolved" "https://registry.npm.taobao.org/pug-code-gen/download/pug-code-gen-3.0.2.tgz"
  "version" "3.0.2"
  dependencies:
    "constantinople" "^4.0.1"
    "doctypes" "^1.1.0"
    "js-stringify" "^1.0.2"
    "pug-attrs" "^3.0.0"
    "pug-error" "^2.0.0"
    "pug-runtime" "^3.0.0"
    "void-elements" "^3.1.0"
    "with" "^7.0.0"

"pug-error@^2.0.0":
  "integrity" "sha1-XGIXPLCcNN4qLOBPF7it/sdNjKU= sha512-sjiUsi9M4RAGHktC1drQfCr5C5eriu24Lfbt4s+7SykztEOwVZtbFk1RRq0tzLxcMxMYTBR+zMQaG07J/btayQ=="
  "resolved" "https://registry.npm.taobao.org/pug-error/download/pug-error-2.0.0.tgz"
  "version" "2.0.0"

"pug-filters@^4.0.0":
  "integrity" "sha1-0+Sa9bqEcum3pm2YDnB86dLMm14= sha512-yeNFtq5Yxmfz0f9z2rMXGw/8/4i1cCFecw/Q7+D0V2DdtII5UvqE12VaZ2AY7ri6o5RNXiweGH79OCq+2RQU4A=="
  "resolved" "https://registry.npm.taobao.org/pug-filters/download/pug-filters-4.0.0.tgz"
  "version" "4.0.0"
  dependencies:
    "constantinople" "^4.0.1"
    "jstransformer" "1.0.0"
    "pug-error" "^2.0.0"
    "pug-walk" "^2.0.0"
    "resolve" "^1.15.1"

"pug-lexer@^5.0.1":
  "integrity" "sha1-rkRijFvvmxkLZlaDsojKkCS4sNU= sha512-0I6C62+keXlZPZkOJeVam9aBLVP2EnbeDw3An+k0/QlqdwH6rv8284nko14Na7c0TtqtogfWXcRoFE4O4Ff20w=="
  "resolved" "https://registry.npm.taobao.org/pug-lexer/download/pug-lexer-5.0.1.tgz"
  "version" "5.0.1"
  dependencies:
    "character-parser" "^2.2.0"
    "is-expression" "^4.0.0"
    "pug-error" "^2.0.0"

"pug-linker@^4.0.0":
  "integrity" "sha1-EsvAWU/Fo+Brn8Web5PBRpYqdwg= sha512-gjD1yzp0yxbQqnzBAdlhbgoJL5qIFJw78juN1NpTLt/mfPJ5VgC4BvkoD3G23qKzJtIIXBbcCt6FioLSFLOHdw=="
  "resolved" "https://registry.npm.taobao.org/pug-linker/download/pug-linker-4.0.0.tgz"
  "version" "4.0.0"
  dependencies:
    "pug-error" "^2.0.0"
    "pug-walk" "^2.0.0"

"pug-load@^3.0.0":
  "integrity" "sha1-n9nNpSICsIrbEdJWgfufNL1BtmI= sha512-OCjTEnhLWZBvS4zni/WUMjH2YSUosnsmjGBB1An7CsKQarYSWQ0GCVyd4eQPMFJqZ8w9xgs01QdiZXKVjk92EQ=="
  "resolved" "https://registry.npm.taobao.org/pug-load/download/pug-load-3.0.0.tgz"
  "version" "3.0.0"
  dependencies:
    "object-assign" "^4.1.1"
    "pug-walk" "^2.0.0"

"pug-parser@^6.0.0":
  "integrity" "sha1-qP3ANYY6lbLB3F6/Ts+AtOdqEmA= sha512-ukiYM/9cH6Cml+AOl5kETtM9NR3WulyVP2y4HOU45DyMim1IeP/OOiyEWRr6qk5I5klpsBnbuHpwKmTx6WURnw=="
  "resolved" "https://registry.npm.taobao.org/pug-parser/download/pug-parser-6.0.0.tgz"
  "version" "6.0.0"
  dependencies:
    "pug-error" "^2.0.0"
    "token-stream" "1.0.0"

"pug-runtime@^3.0.0", "pug-runtime@^3.0.1":
  "integrity" "sha1-9jaXYgRyPzWoxfb61qzaKhkbg9c= sha512-L50zbvrQ35TkpHwv0G6aLSuueDRwc/97XdY8kL3tOT0FmhgG7UypU3VztfV/LATAvmUfYi4wNxSajhSAeNN+Kg=="
  "resolved" "https://registry.npm.taobao.org/pug-runtime/download/pug-runtime-3.0.1.tgz"
  "version" "3.0.1"

"pug-strip-comments@^2.0.0":
  "integrity" "sha1-+UsH/WtJVSMzD0kKf1VLT/h2MD4= sha512-zo8DsDpH7eTkPHCXFeAk1xZXJbyoTfdPlNR0bK7rpOMuhBYb0f5qUVCO1xlsitYd3w5FQTK7zpNVKb3rZoUrrQ=="
  "resolved" "https://registry.npm.taobao.org/pug-strip-comments/download/pug-strip-comments-2.0.0.tgz"
  "version" "2.0.0"
  dependencies:
    "pug-error" "^2.0.0"

"pug-walk@^2.0.0":
  "integrity" "sha1-QXqrwpIyu0SZtbUGmistKiTV9f4= sha512-yYELe9Q5q9IQhuvqsZNwA5hfPkMJ8u92bQLIMcsMxf/VADjNtEYptU+inlufAFYcWdHlwNfZOEnOOQrZrcyJCQ=="
  "resolved" "https://registry.npm.taobao.org/pug-walk/download/pug-walk-2.0.0.tgz"
  "version" "2.0.0"

"pug@^3.0.2":
  "integrity" "sha1-81xxBzQ0VOQ7wnrg/3bHMbeOpTU= sha512-bp0I/hiK1D1vChHh6EfDxtndHji55XP/ZJKwsRqrz6lRia6ZC2OZbdAymlxdVFwd1L70ebrVJw4/eZ79skrIaw=="
  "resolved" "https://registry.npm.taobao.org/pug/download/pug-3.0.2.tgz"
  "version" "3.0.2"
  dependencies:
    "pug-code-gen" "^3.0.2"
    "pug-filters" "^4.0.0"
    "pug-lexer" "^5.0.1"
    "pug-linker" "^4.0.0"
    "pug-load" "^3.0.0"
    "pug-parser" "^6.0.0"
    "pug-runtime" "^3.0.1"
    "pug-strip-comments" "^2.0.0"

"request-light@^0.5.4":
  "integrity" "sha512-AvjfJuhyT6dYfhtIBF+IpTPQco+Td1QJ6PsIJ5xui110vQ5p9HxHk+m1XJqXazLQT6CxxSx9eNv6R/+fu4bZig=="
  "resolved" "https://registry.npmmirror.com/request-light/download/request-light-0.5.5.tgz"
  "version" "0.5.5"

"resolve@^1.15.1", "resolve@^1.20.0":
  "integrity" "sha1-YpoBP7P3B1XW8LeTXMHCxTeLGXU= sha512-wENBPt4ySzg4ybFQW2TT1zMQucPK95HSh/nq2CFTZVOGut2+pQvSsgtda4d26YrYcr067wjbmzOG8byDPBX63A=="
  "resolved" "https://registry.npm.taobao.org/resolve/download/resolve-1.20.0.tgz?cache=0&sync_timestamp=1615982599966&other_urls=https%3A%2F%2Fregistry.npm.taobao.org%2Fresolve%2Fdownload%2Fresolve-1.20.0.tgz"
  "version" "1.20.0"
  dependencies:
    "is-core-module" "^2.2.0"
    "path-parse" "^1.0.6"

"rollup@^2.59.0":
  "integrity" "sha512-BbTXlEvB8d+XFbK/7E5doIcRtxWPRiqr0eb5vQ0+2paMM04Ye4PZY5nHOQef2ix24l/L0SpLd5hwcH15QHPdvA=="
  "resolved" "https://registry.npmmirror.com/rollup/download/rollup-2.61.1.tgz"
  "version" "2.61.1"
  optionalDependencies:
    "fsevents" "~2.3.2"

"semver@^7.3.5":
  "integrity" "sha1-C2Ich5NI2JmOSw5L6Us/EuYBjvc= sha512-PoeGJYh8HK4BTO/a9Tf6ZG3veo/A7ZVsYrSA6J8ny9nb3B1VrpkuN+z9OE5wfE5p6H4LchYZsegiQgbJD94ZFQ=="
  "resolved" "https://registry.npm.taobao.org/semver/download/semver-7.3.5.tgz?cache=0&sync_timestamp=1616463641178&other_urls=https%3A%2F%2Fregistry.npm.taobao.org%2Fsemver%2Fdownload%2Fsemver-7.3.5.tgz"
  "version" "7.3.5"
  dependencies:
    "lru-cache" "^6.0.0"

"source-map-js@^1.0.1":
  "integrity" "sha512-4+TN2b3tqOCd/kaGRJ/sTYA0tR0mdXx26ipdolxcwtJVqEnqNYvlCAt1q3ypy4QMlYus+Zh34RNtYLoq2oQ4IA=="
  "resolved" "https://registry.npmmirror.com/source-map-js/download/source-map-js-1.0.1.tgz?cache=0&sync_timestamp=1636400772640&other_urls=https%3A%2F%2Fregistry.npmmirror.com%2Fsource-map-js%2Fdownload%2Fsource-map-js-1.0.1.tgz"
  "version" "1.0.1"

"source-map@^0.6.1":
  "integrity" "sha1-dHIq8y6WFOnCh6jQu95IteLxomM= sha512-UjgapumWlbMhkBgzT7Ykc5YXUT46F0iKu8SGXq0bcwP5dz/h0Plj6enJqjz1Zbq2l5WaqYnrVbwWOWMyF3F47g=="
  "resolved" "https://registry.nlark.com/source-map/download/source-map-0.6.1.tgz"
  "version" "0.6.1"

"sourcemap-codec@^1.4.4":
  "integrity" "sha1-6oBL2UhXQC5pktBaOO8a41qatMQ= sha512-9NykojV5Uih4lgo5So5dtw+f0JgJX30KCNI8gwhz2J9A15wD0Ml6tjHKwf6fTSa6fAdVBdZeNOs9eJ71qCk8vA=="
  "resolved" "https://registry.npm.taobao.org/sourcemap-codec/download/sourcemap-codec-1.4.8.tgz"
  "version" "1.4.8"

"to-fast-properties@^2.0.0":
  "integrity" "sha1-3F5pjL0HkmW8c+A3doGk5Og/YW4= sha512-/OaKK0xYrs3DmxRYqL/yDc+FxFUVYhDlXMhRmv3z915w2HF1tnN1omB354j8VUGO/hbRzyD6Y3sA7v7GS/ceog=="
  "resolved" "https://registry.nlark.com/to-fast-properties/download/to-fast-properties-2.0.0.tgz?cache=0&sync_timestamp=1628418893613&other_urls=https%3A%2F%2Fregistry.nlark.com%2Fto-fast-properties%2Fdownload%2Fto-fast-properties-2.0.0.tgz"
  "version" "2.0.0"

"token-stream@1.0.0":
  "integrity" "sha1-zCAOqyYT9BZtJ/+a/HylbUnfbrQ= sha512-VSsyNPPW74RpHwR8Fc21uubwHY7wMDeJLys2IX5zJNih+OnAnaifKHo+1LHT7DAdloQ7apeaaWg8l7qnf/TnEg=="
  "resolved" "https://registry.npm.taobao.org/token-stream/download/token-stream-1.0.0.tgz"
  "version" "1.0.0"

"tslib@^2.0.0":
  "integrity" "sha1-6KM1rdXOrlGqJh0ypJAVjvBC7wE= sha512-77EbyPPpMz+FRFRuAFlWMtmgUWGe9UOG2Z25NqCwiIjRhOf5iKGuzSe5P2w1laq+FkRy4p+PCuVkJSGkzTEKVw=="
  "resolved" "https://registry.npmmirror.com/tslib/download/tslib-2.3.1.tgz"
  "version" "2.3.1"

"typescript@*", "typescript@^4.3.2":
  "integrity" "sha512-VgYs2A2QIRuGphtzFV7aQJduJ2gyfTljngLzjpfW9FoYZF6xuw1W0vW9ghCKLfcWrCFxK81CSGRAvS1pn4fIUg=="
  "resolved" "https://registry.npmmirror.com/typescript/download/typescript-4.5.4.tgz"
  "version" "4.5.4"

"upath@^2.0.1":
  "integrity" "sha1-UMc96mjW9rmQ9R0nnOYIFmXWGos= sha512-1uEe95xksV1O0CYKXo8vQvN1JEbtJp7lb7C5U9HMsIp6IVwntkH/oNUzyVNQSd4S1sYk2FpSSW44FqMc8qee5w=="
  "resolved" "https://registry.npm.taobao.org/upath/download/upath-2.0.1.tgz"
  "version" "2.0.1"

"vite@^2.5.10", "vite@^2.6.9":
  "integrity" "sha512-GAY1P+9fLJOju1SRm8+hykVnEXog+E+KXuqqyMBQDriKCUIKzWnPn142yNNhSdf/ixYGYdUa5ce3A8WaEajzGw=="
  "resolved" "https://registry.npmmirror.com/vite/download/vite-2.7.3.tgz"
  "version" "2.7.3"
  dependencies:
    "esbuild" "^0.13.12"
    "postcss" "^8.3.11"
    "resolve" "^1.20.0"
    "rollup" "^2.59.0"
  optionalDependencies:
    "fsevents" "~2.3.2"

"void-elements@^3.1.0":
  "integrity" "sha1-YU9/v42AHwu18GYfWy9XhXUOTwk= sha512-Dhxzh5HZuiHQhbvTW9AMetFfBHDMYpo23Uo9btPXgdYP+3T5S+p+jgNy7spra+veYhBP2dCSgxR/i2Y02h5/6w=="
  "resolved" "https://registry.npm.taobao.org/void-elements/download/void-elements-3.1.0.tgz"
  "version" "3.1.0"

"vscode-css-languageservice@^5.1.4":
  "integrity" "sha512-/tFOWeZBL3Oc9Zc+2MAi3rEwiXJTSZsvjB+M7nSjWLbGPUIjukUA7YzLgsBoUfR35sPJYnXWUkL56PdfIYM8GA=="
  "resolved" "https://registry.npmmirror.com/vscode-css-languageservice/download/vscode-css-languageservice-5.1.9.tgz"
  "version" "5.1.9"
  dependencies:
    "vscode-languageserver-textdocument" "^1.0.1"
    "vscode-languageserver-types" "^3.16.0"
    "vscode-nls" "^5.0.0"
    "vscode-uri" "^3.0.2"

"vscode-html-languageservice@^4.0.7":
  "integrity" "sha512-PgaToZVXJ44nFWEBuSINdDgVV6EnpC3MnXBsysR3O5TKcAfywbYeRGRy+Y4dVR7YeUgDvtb+JkJoSkaYC0mxXQ=="
  "resolved" "https://registry.npmmirror.com/vscode-html-languageservice/download/vscode-html-languageservice-4.2.1.tgz"
  "version" "4.2.1"
  dependencies:
    "vscode-languageserver-textdocument" "^1.0.1"
    "vscode-languageserver-types" "^3.16.0"
    "vscode-nls" "^5.0.0"
    "vscode-uri" "^3.0.2"

"vscode-json-languageservice@^4.1.7":
  "integrity" "sha512-IHliMEEYSY0tJjJt0ECb8ESx/nRXpoy9kN42WVQXgaqGyizFAf3jibSiezDQTrrY7f3kywXggCU+kkJEM+OLZQ=="
  "resolved" "https://registry.npmmirror.com/vscode-json-languageservice/download/vscode-json-languageservice-4.1.10.tgz"
  "version" "4.1.10"
  dependencies:
    "jsonc-parser" "^3.0.0"
    "vscode-languageserver-textdocument" "^1.0.1"
    "vscode-languageserver-types" "^3.16.0"
    "vscode-nls" "^5.0.0"
    "vscode-uri" "^3.0.2"

"vscode-jsonrpc@^8.0.0-next.2", "vscode-jsonrpc@8.0.0-next.4":
  "integrity" "sha512-i+wvza5Wd0YV/t9qhnS8I+dJdhJ1fHIhRW4f262rXXM9Mgts5VZhYrRZufGcai4y99RlbZvwaZhplQ6diRXkaA=="
  "resolved" "https://registry.npmmirror.com/vscode-jsonrpc/download/vscode-jsonrpc-8.0.0-next.4.tgz"
  "version" "8.0.0-next.4"

"vscode-languageserver-protocol@3.17.0-next.11":
  "integrity" "sha512-9FqHT7XvM6tWFsnLvRfuQA7Zh7wZZYAwA9dK85lYthA8M1aXpXEP9drXVvO/Fe03MUeJpKVf2e4/NvDaFUnttg=="
  "resolved" "https://registry.npmmirror.com/vscode-languageserver-protocol/download/vscode-languageserver-protocol-3.17.0-next.11.tgz"
  "version" "3.17.0-next.11"
  dependencies:
    "vscode-jsonrpc" "8.0.0-next.4"
    "vscode-languageserver-types" "3.17.0-next.5"

"vscode-languageserver-textdocument@^1.0.1":
  "integrity" "sha512-ynEGytvgTb6HVSUwPJIAZgiHQmPCx8bZ8w5um5Lz+q5DjP0Zj8wTFhQpyg8xaMvefDytw2+HH5yzqS+FhsR28A=="
  "resolved" "https://registry.npmmirror.com/vscode-languageserver-textdocument/download/vscode-languageserver-textdocument-1.0.3.tgz"
  "version" "1.0.3"

"vscode-languageserver-types@^3.15.1", "vscode-languageserver-types@^3.16.0":
  "integrity" "sha1-7POT/BIexpdLLaPvsxVWRMUU4kc= sha512-k8luDIWJWyenLc5ToFQQMaSrqCHiLwyKPHKPQZ5zz21vM+vIVUSvsRpcbiECH4WR88K2XZqc4ScRcZ7nk/jbeA=="
  "resolved" "https://registry.npmmirror.com/vscode-languageserver-types/download/vscode-languageserver-types-3.16.0.tgz"
  "version" "3.16.0"

"vscode-languageserver-types@3.17.0-next.5":
  "integrity" "sha512-Zcfaw8BznhlJWB09LDR0dscXyxn9+liREqJnPF4pigeUCHwKxYapYqizwuCpMHQ/oLYiAvKwU+f28hPleYu7pA=="
  "resolved" "https://registry.npmmirror.com/vscode-languageserver-types/download/vscode-languageserver-types-3.17.0-next.5.tgz"
  "version" "3.17.0-next.5"

"vscode-languageserver@^8.0.0-next.2":
  "integrity" "sha512-3E2W0eWtGKb6QAJqspOnD0thrBRRo8IGUMV5jpDNMcMKvmtkcxMwsBh0VxdvuWaZ51PiNyR4L+B+GUvkYsyFEg=="
  "resolved" "https://registry.npmmirror.com/vscode-languageserver/download/vscode-languageserver-8.0.0-next.5.tgz"
  "version" "8.0.0-next.5"
  dependencies:
    "vscode-languageserver-protocol" "3.17.0-next.11"

"vscode-nls@^5.0.0":
  "integrity" "sha1-mfDaC9nqfNpE5WWnTFSx8rwleEA= sha512-u0Lw+IYlgbEJFF6/qAqG2d1jQmJl0eyAGJHoAJqr2HT4M2BNuQYSEiSE75f52pXHSJm8AlTjnLLbBFPrdz2hpA=="
  "resolved" "https://registry.npm.taobao.org/vscode-nls/download/vscode-nls-5.0.0.tgz"
  "version" "5.0.0"

"vscode-pug-languageservice@^0.27.24":
  "integrity" "sha1-+oBcTT4z3uNoHmYKB2cTZzjmg3A= sha512-GSvsFB+rPhAD7cBlEKCVNNsFGIaOnp/0zyLw3WpYbXY24vJZafXu1kHvtYaaQXJRnIhqp5EI5p+EqpdI3hTBnw=="
  "resolved" "https://registry.npmmirror.com/vscode-pug-languageservice/download/vscode-pug-languageservice-0.27.24.tgz"
  "version" "0.27.24"
  dependencies:
    "@volar/code-gen" "^0.27.24"
    "@volar/shared" "^0.27.24"
    "@volar/source-map" "^0.27.24"
    "@volar/transforms" "^0.27.24"
    "pug-lexer" "^5.0.1"
    "pug-parser" "^6.0.0"
    "vscode-languageserver" "^8.0.0-next.2"

"vscode-typescript-languageservice@^0.27.25":
  "integrity" "sha1-rNIRcjtgAQjCVRU4i3XVXOFbsFY= sha512-nxpJI9MnF2rn5rKL/032Qrsq3T9DgM3slK5fwZp3suNdo90JG2zFTs3Ola8n62k7+KWu4A775obxyb4wLIW6Gw=="
  "resolved" "https://registry.npmmirror.com/vscode-typescript-languageservice/download/vscode-typescript-languageservice-0.27.25.tgz"
  "version" "0.27.25"
  dependencies:
    "@volar/shared" "^0.27.24"
    "semver" "^7.3.5"
    "upath" "^2.0.1"
    "vscode-languageserver" "^8.0.0-next.2"
    "vscode-languageserver-textdocument" "^1.0.1"

"vscode-uri@^2.1.2":
  "integrity" "sha1-yNQN6T61evMfPHFd1lDiyiwJbxw= sha512-8TEXQxlldWAuIODdukIb+TR5s+9Ds40eSJrw+1iDDA9IFORPjMELarNQE3myz5XIkWWpdprmJjm1/SxMlWOC8A=="
  "resolved" "https://registry.npm.taobao.org/vscode-uri/download/vscode-uri-2.1.2.tgz"
  "version" "2.1.2"

"vscode-uri@^3.0.2":
  "integrity" "sha1-7P0dBmy470w6II3s26uajCPQVdA= sha512-jkjy6pjU1fxUvI51P+gCsxg1u2n8LSt0W6KrCNQceaziKzff74GoWmjVG46KieVzybO1sttPQmYfrwSHey7GUA=="
  "resolved" "https://registry.npm.taobao.org/vscode-uri/download/vscode-uri-3.0.2.tgz"
  "version" "3.0.2"

"vscode-vue-languageservice@^0.27.0":
  "integrity" "sha1-HzKwID3SM1gvdKRXQoUZpjGPA54= sha512-nPnUNCMqqHfxcCPLyLWvmgbNCgos3SwvPcl/CzAnMbqcjLtNZppsdI7bKX3EEj0Jbg6SGLQ9NanIvZaMI1bsUA=="
  "resolved" "https://registry.npmmirror.com/vscode-vue-languageservice/download/vscode-vue-languageservice-0.27.30.tgz"
  "version" "0.27.30"
  dependencies:
    "@volar/code-gen" "^0.27.24"
    "@volar/html2pug" "^0.27.13"
    "@volar/shared" "^0.27.24"
    "@volar/source-map" "^0.27.24"
    "@volar/transforms" "^0.27.24"
    "@vscode/emmet-helper" "^2.7.0"
    "@vue/compiler-dom" "^3.2.19"
    "@vue/reactivity" "^3.2.19"
    "@vue/shared" "^3.2.19"
    "request-light" "^0.5.4"
    "upath" "^2.0.1"
    "vscode-css-languageservice" "^5.1.4"
    "vscode-html-languageservice" "^4.0.7"
    "vscode-json-languageservice" "^4.1.7"
    "vscode-languageserver" "^8.0.0-next.2"
    "vscode-languageserver-textdocument" "^1.0.1"
    "vscode-pug-languageservice" "^0.27.24"
    "vscode-typescript-languageservice" "^0.27.25"

"vue-router@^4.0.10":
  "integrity" "sha512-CPXvfqe+mZLB1kBWssssTiWg4EQERyqJZes7USiqfW9B5N2x+nHlnsM1D3b5CaJ6qgCvMmYJnz+G0iWjNCvXrg=="
  "resolved" "https://registry.npmmirror.com/vue-router/download/vue-router-4.0.12.tgz"
  "version" "4.0.12"
  dependencies:
    "@vue/devtools-api" "^6.0.0-beta.18"

"vue-tsc@^0.2.2":
  "integrity" "sha1-Er9I48mx5VPTGq0MZBci1dFYQdg= sha512-0ahxAnQolmv6EOnv5zxeMi4vCpM4PkhjU70i/EI44OzMWq4OErjLZhEh8EXOLtMx6FBRuuqS5fiBXcuqLpoL7Q=="
  "resolved" "https://registry.npmmirror.com/vue-tsc/download/vue-tsc-0.2.3.tgz"
  "version" "0.2.3"
  dependencies:
    "vscode-vue-languageservice" "^0.27.0"

"vue@^3.0.0", "vue@^3.0.5", "vue@3.2.26":
  "integrity" "sha512-KD4lULmskL5cCsEkfhERVRIOEDrfEL9CwAsLYpzptOGjaGFNWo3BQ9g8MAb7RaIO71rmVOziZ/uEN/rHwcUIhg=="
  "resolved" "https://registry.npmmirror.com/vue/download/vue-3.2.26.tgz"
  "version" "3.2.26"
  dependencies:
    "@vue/compiler-dom" "3.2.26"
    "@vue/compiler-sfc" "3.2.26"
    "@vue/runtime-dom" "3.2.26"
    "@vue/server-renderer" "3.2.26"
    "@vue/shared" "3.2.26"

"with@^7.0.0":
  "integrity" "sha1-zO461ULSVTinp6gKrSErmChJW6w= sha512-RNGKj82nUPg3g5ygxkQl0R937xLyho1J24ItRCBTr/m1YnZkzJy1hUiHUJrc/VlsDQzsCnInEGSg3bci0Lmd4w=="
  "resolved" "https://registry.npm.taobao.org/with/download/with-7.0.2.tgz"
  "version" "7.0.2"
  dependencies:
    "@babel/parser" "^7.9.6"
    "@babel/types" "^7.9.6"
    "assert-never" "^1.2.1"
    "babel-walk" "3.0.0-canary-5"

"yallist@^4.0.0":
  "integrity" "sha1-m7knkNnA7/7GO+c1GeEaNQGaOnI= sha512-3wdGidZyq5PB084XLES5TpOSRA3wjXAlIWMhum2kRcv/41Sn2emQ0dycQW4uZXLejwKvg6EsvbdlVL+FYEct7A=="
  "resolved" "https://registry.nlark.com/yallist/download/yallist-4.0.0.tgz"
  "version" "4.0.0"

"zone.js@~0.11.4":
  "integrity" "sha1-D3Dc9quoD2mK9XNcuyV5aTlugCU= sha512-DDh2Ab+A/B+9mJyajPjHFPWfYU1H+pdun4wnnk0OcQTNjem1XQSZ2CDW+rfZEUDjv5M19SBqAkjZi0x5wuB5Qw=="
  "resolved" "https://registry.npmmirror.com/zone.js/download/zone.js-0.11.4.tgz"
  "version" "0.11.4"
  dependencies:
    "tslib" "^2.0.0"
